
Microsoft Visual Studio Solution File, Format Version 12.00
# Visual Studio Version 17
VisualStudioVersion = 17.14.36327.8 d17.14
MinimumVisualStudioVersion = 10.0.40219.1
Project("{FAE04EC0-301F-11D3-BF4B-00C04F79EFBC}") = "CampusHub", "CampusHub\CampusHub.csproj", "{2FA0C2AE-34DD-45DE-98C2-99943EE656A7}"
EndProject
Global
	GlobalSection(SolutionConfigurationPlatforms) = preSolution
		Debug|Any CPU = Debug|Any CPU
		Release|Any CPU = Release|Any CPU
	EndGlobalSection
	GlobalSection(ProjectConfigurationPlatforms) = postSolution
		{2FA0C2AE-34DD-45DE-98C2-99943EE656A7}.Debug|Any CPU.ActiveCfg = Debug|Any CPU
		{2FA0C2AE-34DD-45DE-98C2-99943EE656A7}.Debug|Any CPU.Build.0 = Debug|Any CPU
		{2FA0C2AE-34DD-45DE-98C2-99943EE656A7}.Release|Any CPU.ActiveCfg = Release|Any CPU
		{2FA0C2AE-34DD-45DE-98C2-99943EE656A7}.Release|Any CPU.Build.0 = Release|Any CPU
	EndGlobalSection
	GlobalSection(SolutionProperties) = preSolution
		HideSolutionNode = FALSE
	EndGlobalSection
	GlobalSection(ExtensibilityGlobals) = postSolution
		SolutionGuid = {00FB0216-852D-4B9E-881E-738E2A1C5E63}
	EndGlobalSection
EndGlobal
